
Microsoft Visual Studio Solution File, Format Version 12.00
# Visual Studio Version 17
VisualStudioVersion = 17.4.33110.190
MinimumVisualStudioVersion = 10.0.40219.1
Project("{FAE04EC0-301F-11D3-BF4B-00C04F79EFBC}") = "CSharpEntityFrameworkPlayers", "CSharpEntityFrameworkPlayers\CSharpEntityFrameworkPlayers.csproj", "{A3C51546-4349-4790-966F-B620B24A0650}"
EndProject
Global
	GlobalSection(SolutionConfigurationPlatforms) = preSolution
		Debug|Any CPU = Debug|Any CPU
		Release|Any CPU = Release|Any CPU
	EndGlobalSection
	GlobalSection(ProjectConfigurationPlatforms) = postSolution
		{A3C51546-4349-4790-966F-B620B24A0650}.Debug|Any CPU.ActiveCfg = Debug|Any CPU
		{A3C51546-4349-4790-966F-B620B24A0650}.Debug|Any CPU.Build.0 = Debug|Any CPU
		{A3C51546-4349-4790-966F-B620B24A0650}.Release|Any CPU.ActiveCfg = Release|Any CPU
		{A3C51546-4349-4790-966F-B620B24A0650}.Release|Any CPU.Build.0 = Release|Any CPU
	EndGlobalSection
	GlobalSection(SolutionProperties) = preSolution
		HideSolutionNode = FALSE
	EndGlobalSection
	GlobalSection(ExtensibilityGlobals) = postSolution
		SolutionGuid = {FBDB5B1C-CCDF-44AA-B92A-AD017C874651}
	EndGlobalSection
EndGlobal
